lockfileVersion: 5.3

specifiers:
  '@swc/cli': ^0.1.55
  '@swc/core': ^1.2.129

devDependencies:
  '@swc/cli': 0.1.55_@swc+core@1.2.129
  '@swc/core': 1.2.129

packages:

  /@napi-rs/triples/1.1.0:
    resolution: {integrity: sha512-XQr74QaLeMiqhStEhLn1im9EOMnkypp7MZOwQhGzqp2Weu5eQJbpPxWxixxlYRKWPOmJjsk6qYfYH9kq43yc2w==}
    dev: true

  /@node-rs/helper/1.3.2:
    resolution: {integrity: sha512-cjP3xk/x8YQP4bsg9CdzxC86olR2lLkTUR1LB9UtOZElMht3SzE/+X3ZYJfIeOzxfKcDA4uABg+/1JRgkx/Puw==}
    dependencies:
      '@napi-rs/triples': 1.1.0
    dev: true

  /@nodelib/fs.scandir/2.1.5:
    resolution: {integrity: sha512-vq24Bq3ym5HEQm2NKCr3yXDwjc7vTsEThRDnkp2DK9p1uqLR+DHurm/NOTo0KG7HYHU7eppKZj3MyqYuMBf62g==}
    engines: {node: '>= 8'}
    dependencies:
      '@nodelib/fs.stat': 2.0.5
      run-parallel: 1.2.0
    dev: true

  /@nodelib/fs.stat/2.0.5:
    resolution: {integrity: sha512-RkhPPp2zrqDAQA/2jNhnztcPAlv64XdhIp7a7454A5ovI7Bukxgt7MX7udwAu3zg1DcpPU0rz3VV1SeaqvY4+A==}
    engines: {node: '>= 8'}
    dev: true

  /@nodelib/fs.walk/1.2.8:
    resolution: {integrity: sha512-oGB+UxlgWcgQkgwo8GcEGwemoTFt3FIO9ababBmaGwXIoBKZ+GTy0pP185beGg7Llih/NSHSV2XAs1lnznocSg==}
    engines: {node: '>= 8'}
    dependencies:
      '@nodelib/fs.scandir': 2.1.5
      fastq: 1.13.0
    dev: true

  /@swc/cli/0.1.55_@swc+core@1.2.129:
    resolution: {integrity: sha512-akkLuRexFq8XTi6JNZ27mXD4wcKXLDSLj4g7YMU+/upFM8IeD1IEp1Mxtre7MzCZn+QOQgPF8N8IReJoHuSn3g==}
    engines: {node: '>= 12.13'}
    hasBin: true
    peerDependencies:
      '@swc/core': ^1.2.66
      chokidar: ^3.5.1
    peerDependenciesMeta:
      chokidar:
        optional: true
    dependencies:
      '@swc/core': 1.2.129
      commander: 7.2.0
      fast-glob: 3.2.10
      slash: 3.0.0
      source-map: 0.7.3
    dev: true

  /@swc/core-android-arm-eabi/1.2.129:
    resolution: {integrity: sha512-5/q+32xm9Ile5NWJeGKa3UhPrMxjx6rVph7yauJlzOOxPsE3v7vhKhBFBkNMzlscoKbC4PFyu54xaRR8TTvrww==}
    engines: {node: '>=10'}
    cpu: [arm]
    os: [android]
    requiresBuild: true
    dev: true
    optional: true

  /@swc/core-android-arm64/1.2.129:
    resolution: {integrity: sha512-e8n8g5BLQFXxOP/t6KY5JlK/40L+opjZyUZb3NHLuvFct7p9j5QpSPR8jkDYBPzvD75N7cPNE1KxPaU7QT5qYQ==}
    engines: {node: '>=10'}
    cpu: [arm64]
    os: [android]
    requiresBuild: true
    dev: true
    optional: true

  /@swc/core-darwin-arm64/1.2.129:
    resolution: {integrity: sha512-l86EpZb73PKFaOYR1Wsd3kXCz1/vgBrBLGB9JzKNTiH0yVDtRWl5PonMhntUBdg6AzwZToyeAumLWZ3Xo21GqQ==}
    engines: {node: '>=10'}
    cpu: [arm64]
    os: [darwin]
    requiresBuild: true
    dev: true
    optional: true

  /@swc/core-darwin-x64/1.2.129:
    resolution: {integrity: sha512-yd1hMErfoF4xrjt9jj/qWDtR74/5eCDc4+kSbe/hkZ4lCXaYpE8Po962trPgUd+mCLkW58ElArGP3uEPXvJofQ==}
    engines: {node: '>=10'}
    cpu: [x64]
    os: [darwin]
    requiresBuild: true
    dev: true
    optional: true

  /@swc/core-freebsd-x64/1.2.129:
    resolution: {integrity: sha512-u0ONxga6YOH1Bt0nihwtWPjLM/nB0x1RfK5R/J1xTZyV3d5AMu4Dp2LQi37K6gT9BIto/h7h2wTuHtgqhIDA+g==}
    engines: {node: '>=10'}
    cpu: [x64]
    os: [freebsd]
    requiresBuild: true
    dev: true
    optional: true

  /@swc/core-linux-arm-gnueabihf/1.2.129:
    resolution: {integrity: sha512-Tr3IwKRASqSFJnv1NV+fHunIGh0lqRY89GDwEiGbWnEiEIrviRdFdQd3w+zJk3SQFj9raaZTZoWuAfHduePSwg==}
    engines: {node: '>=10'}
    cpu: [arm]
    os: [linux]
    requiresBuild: true
    dev: true
    optional: true

  /@swc/core-linux-arm64-gnu/1.2.129:
    resolution: {integrity: sha512-r0SrNxI1ZLZLvkl3a2UeGBEGiylL9XKKFbrlWebvgsZcRA3fzBiuJ3NVHO0PzE4S4+KvV73sCwA9MusFv28jvQ==}
    engines: {node: '>=10'}
    cpu: [arm64]
    os: [linux]
    requiresBuild: true
    dev: true
    optional: true

  /@swc/core-linux-arm64-musl/1.2.129:
    resolution: {integrity: sha512-8BBLmBDsGm+/rrZ8AAk9AktemnVxe1m9csZ5OElzyvqcsHWjqfION657Ae1UEzUtFTzdeP5Lx0WeEqigBu2W8A==}
    engines: {node: '>=10'}
    cpu: [arm64]
    os: [linux]
    requiresBuild: true
    dev: true
    optional: true

  /@swc/core-linux-x64-gnu/1.2.129:
    resolution: {integrity: sha512-iL4sM+0pLD0V2H6QJrkFpvL6hjWzjEMww8peXG/+0b1jXleD0GuN+NuguMmZHEbr64+uqm2KFA9ctKyTBH9aQQ==}
    engines: {node: '>=10'}
    cpu: [x64]
    os: [linux]
    requiresBuild: true
    dev: true
    optional: true

  /@swc/core-linux-x64-musl/1.2.129:
    resolution: {integrity: sha512-4RKrA1KhQVx6no5AxO7lqwnijYAx1GQ1v0xywiiYSrQkDxi2Q+yAqxDvWS9UT2LtEaOO9HzCr3vWEoHp+wDd2w==}
    engines: {node: '>=10'}
    cpu: [x64]
    os: [linux]
    requiresBuild: true
    dev: true
    optional: true

  /@swc/core-win32-arm64-msvc/1.2.129:
    resolution: {integrity: sha512-Qrh0vytLHzkZezHemNcZFQSj3AQ559WA35Dwzt7BO6a0UvwjHAJHdKSIaF8pYeVdr44VcwqcS0BO9D7rDHWNkQ==}
    engines: {node: '>=10'}
    cpu: [arm64]
    os: [win32]
    requiresBuild: true
    dev: true
    optional: true

  /@swc/core-win32-ia32-msvc/1.2.129:
    resolution: {integrity: sha512-wXUqCoQeH0ktOEPkAJXwt4KAhrChmDJD82ydJzkrDFyFyQnY5axBFDLX1XespsI5eNRxzag/FemewMbagnHoSw==}
    engines: {node: '>=10'}
    cpu: [ia32]
    os: [win32]
    requiresBuild: true
    dev: true
    optional: true

  /@swc/core-win32-x64-msvc/1.2.129:
    resolution: {integrity: sha512-SqfiGn1KTlunTK42gtJ7XUP0IaVkYKQAfBEP6PT+t5xoQVcxOla5lR8cvoN5b2wQkFUL/yLkc+HuFjzi5vdppg==}
    engines: {node: '>=10'}
    cpu: [x64]
    os: [win32]
    requiresBuild: true
    dev: true
    optional: true

  /@swc/core/1.2.129:
    resolution: {integrity: sha512-Ay2Vt/uI+vRn6Nu5nRTjcuRlXejN5VfYOCCsNGqA5DIrhO0VSwxyOncL/kYlGtzE5XhYBE5eU8QIkRC+koI/fw==}
    engines: {node: '>=10'}
    dependencies:
      '@node-rs/helper': 1.3.2
    optionalDependencies:
      '@swc/core-android-arm-eabi': 1.2.129
      '@swc/core-android-arm64': 1.2.129
      '@swc/core-darwin-arm64': 1.2.129
      '@swc/core-darwin-x64': 1.2.129
      '@swc/core-freebsd-x64': 1.2.129
      '@swc/core-linux-arm-gnueabihf': 1.2.129
      '@swc/core-linux-arm64-gnu': 1.2.129
      '@swc/core-linux-arm64-musl': 1.2.129
      '@swc/core-linux-x64-gnu': 1.2.129
      '@swc/core-linux-x64-musl': 1.2.129
      '@swc/core-win32-arm64-msvc': 1.2.129
      '@swc/core-win32-ia32-msvc': 1.2.129
      '@swc/core-win32-x64-msvc': 1.2.129
    dev: true

  /braces/3.0.2:
    resolution: {integrity: sha512-b8um+L1RzM3WDSzvhm6gIz1yfTbBt6YTlcEKAvsmqCZZFw46z626lVj9j1yEPW33H5H+lBQpZMP1k8l+78Ha0A==}
    engines: {node: '>=8'}
    dependencies:
      fill-range: 7.0.1
    dev: true

  /commander/7.2.0:
    resolution: {integrity: sha512-QrWXB+ZQSVPmIWIhtEO9H+gwHaMGYiF5ChvoJ+K9ZGHG/sVsa6yiesAD1GC/x46sET00Xlwo1u49RVVVzvcSkw==}
    engines: {node: '>= 10'}
    dev: true

  /fast-glob/3.2.10:
    resolution: {integrity: sha512-s9nFhFnvR63wls6/kM88kQqDhMu0AfdjqouE2l5GVQPbqLgyFjjU5ry/r2yKsJxpb9Py1EYNqieFrmMaX4v++A==}
    engines: {node: '>=8.6.0'}
    dependencies:
      '@nodelib/fs.stat': 2.0.5
      '@nodelib/fs.walk': 1.2.8
      glob-parent: 5.1.2
      merge2: 1.4.1
      micromatch: 4.0.4
    dev: true

  /fastq/1.13.0:
    resolution: {integrity: sha512-YpkpUnK8od0o1hmeSc7UUs/eB/vIPWJYjKck2QKIzAf71Vm1AAQ3EbuZB3g2JIy+pg+ERD0vqI79KyZiB2e2Nw==}
    dependencies:
      reusify: 1.0.4
    dev: true

  /fill-range/7.0.1:
    resolution: {integrity: sha512-qOo9F+dMUmC2Lcb4BbVvnKJxTPjCm+RRpe4gDuGrzkL7mEVl/djYSu2OdQ2Pa302N4oqkSg9ir6jaLWJ2USVpQ==}
    engines: {node: '>=8'}
    dependencies:
      to-regex-range: 5.0.1
    dev: true

  /glob-parent/5.1.2:
    resolution: {integrity: sha512-AOIgSQCepiJYwP3ARnGx+5VnTu2HBYdzbGP45eLw1vr3zB3vZLeyed1sC9hnbcOc9/SrMyM5RPQrkGz4aS9Zow==}
    engines: {node: '>= 6'}
    dependencies:
      is-glob: 4.0.3
    dev: true

  /is-extglob/2.1.1:
    resolution: {integrity: sha1-qIwCU1eR8C7TfHahueqXc8gz+MI=}
    engines: {node: '>=0.10.0'}
    dev: true

  /is-glob/4.0.3:
    resolution: {integrity: sha512-xelSayHH36ZgE7ZWhli7pW34hNbNl8Ojv5KVmkJD4hBdD3th8Tfk9vYasLM+mXWOZhFkgZfxhLSnrwRr4elSSg==}
    engines: {node: '>=0.10.0'}
    dependencies:
      is-extglob: 2.1.1
    dev: true

  /is-number/7.0.0:
    resolution: {integrity: sha512-41Cifkg6e8TylSpdtTpeLVMqvSBEVzTttHvERD741+pnZ8ANv0004MRL43QKPDlK9cGvNp6NZWZUBlbGXYxxng==}
    engines: {node: '>=0.12.0'}
    dev: true

  /merge2/1.4.1:
    resolution: {integrity: sha512-8q7VEgMJW4J8tcfVPy8g09NcQwZdbwFEqhe/WZkoIzjn/3TGDwtOCYtXGxA3O8tPzpczCCDgv+P2P5y00ZJOOg==}
    engines: {node: '>= 8'}
    dev: true

  /micromatch/4.0.4:
    resolution: {integrity: sha512-pRmzw/XUcwXGpD9aI9q/0XOwLNygjETJ8y0ao0wdqprrzDa4YnxLcz7fQRZr8voh8V10kGhABbNcHVk5wHgWwg==}
    engines: {node: '>=8.6'}
    dependencies:
      braces: 3.0.2
      picomatch: 2.3.1
    dev: true

  /picomatch/2.3.1:
    resolution: {integrity: sha512-JU3teHTNjmE2VCGFzuY8EXzCDVwEqB2a8fsIvwaStHhAWJEeVd1o1QD80CU6+ZdEXXSLbSsuLwJjkCBWqRQUVA==}
    engines: {node: '>=8.6'}
    dev: true

  /queue-microtask/1.2.3:
    resolution: {integrity: sha512-NuaNSa6flKT5JaSYQzJok04JzTL1CA6aGhv5rfLW3PgqA+M2ChpZQnAC8h8i4ZFkBS8X5RqkDBHA7r4hej3K9A==}
    dev: true

  /reusify/1.0.4:
    resolution: {integrity: sha512-U9nH88a3fc/ekCF1l0/UP1IosiuIjyTh7hBvXVMHYgVcfGvt897Xguj2UOLDeI5BG2m7/uwyaLVT6fbtCwTyzw==}
    engines: {iojs: '>=1.0.0', node: '>=0.10.0'}
    dev: true

  /run-parallel/1.2.0:
    resolution: {integrity: sha512-5l4VyZR86LZ/lDxZTR6jqL8AFE2S0IFLMP26AbjsLVADxHdhB/c0GUsH+y39UfCi3dzz8OlQuPmnaJOMoDHQBA==}
    dependencies:
      queue-microtask: 1.2.3
    dev: true

  /slash/3.0.0:
    resolution: {integrity: sha512-g9Q1haeby36OSStwb4ntCGGGaKsaVSjQ68fBxoQcutl5fS1vuY18H3wSt3jFyFtrkx+Kz0V1G85A4MyAdDMi2Q==}
    engines: {node: '>=8'}
    dev: true

  /source-map/0.7.3:
    resolution: {integrity: sha512-CkCj6giN3S+n9qrYiBTX5gystlENnRW5jZeNLHpe6aue+SrHcG5VYwujhW9s4dY31mEGsxBDrHR6oI69fTXsaQ==}
    engines: {node: '>= 8'}
    dev: true

  /to-regex-range/5.0.1:
    resolution: {integrity: sha512-65P7iz6X5yEr1cwcgvQxbbIw7Uk3gOy5dIdtZ4rDveLqhrdJP+Li/Hx6tyK0NEb+2GCyneCMJiGqrADCSNk8sQ==}
    engines: {node: '>=8.0'}
    dependencies:
      is-number: 7.0.0
    dev: true
