lockfileVersion: 5.4

specifiers:
  '@types/isomorphic-fetch': ^0.0.36
  '@upstash/qstash': ^0.3.6
  isomorphic-fetch: ^3.0.0

dependencies:
  '@upstash/qstash': 0.3.6
  isomorphic-fetch: 3.0.0

devDependencies:
  '@types/isomorphic-fetch': 0.0.36

packages:

  /@deno/shim-crypto/0.3.1:
    resolution: {integrity: sha512-ed4pNnfur6UbASEgF34gVxR9p7Mc3qF+Ygbmjiil8ws5IhNFhPDFy5vE5hQAUA9JmVsSxXPcVLM5Rf8LOZqQ5Q==}
    dev: false

  /@types/isomorphic-fetch/0.0.36:
    resolution: {integrity: sha512-ulw4d+vW1HKn4oErSmNN2HYEcHGq0N1C5exlrMM0CRqX1UUpFhGb5lwiom5j9KN3LBJJDLRmYIZz1ghm7FIzZw==}
    dev: true

  /@upstash/qstash/0.3.6:
    resolution: {integrity: sha512-NKN4jbPhB5lfHoSIaU7AuQ3F+yGS20e/FBRiUuPetcKoi354wHhKj9AJFfkFT5SSeLq0XEsXRNynm8gqCS4HjQ==}
    dependencies:
      '@deno/shim-crypto': 0.3.1
    dev: false

  /isomorphic-fetch/3.0.0:
    resolution: {integrity: sha512-qvUtwJ3j6qwsF3jLxkZ72qCgjMysPzDfeV240JHiGZsANBYd+EEuu35v7dfrJ9Up0Ak07D7GGSkGhCHTqg/5wA==}
    dependencies:
      node-fetch: 2.6.9
      whatwg-fetch: 3.6.2
    transitivePeerDependencies:
      - encoding
    dev: false

  /node-fetch/2.6.9:
    resolution: {integrity: sha512-DJm/CJkZkRjKKj4Zi4BsKVZh3ValV5IR5s7LVZnW+6YMh0W1BfNA8XSs6DLMGYlId5F3KnA70uu2qepcR08Qqg==}
    engines: {node: 4.x || >=6.0.0}
    peerDependencies:
      encoding: ^0.1.0
    peerDependenciesMeta:
      encoding:
        optional: true
    dependencies:
      whatwg-url: 5.0.0
    dev: false

  /tr46/0.0.3:
    resolution: {integrity: sha512-N3WMsuqV66lT30CrXNbEjx4GEwlow3v6rr4mCcv6prnfwhS01rkgyFdjPNBYd9br7LpXV1+Emh01fHnq2Gdgrw==}
    dev: false

  /webidl-conversions/3.0.1:
    resolution: {integrity: sha512-2JAn3z8AR6rjK8Sm8orRC0h/bcl/DqL7tRPdGZ4I1CjdF+EaMLmYxBHyXuKL849eucPFhvBoxMsflfOb8kxaeQ==}
    dev: false

  /whatwg-fetch/3.6.2:
    resolution: {integrity: sha512-bJlen0FcuU/0EMLrdbJ7zOnW6ITZLrZMIarMUVmdKtsGvZna8vxKYaexICWPfZ8qwf9fzNq+UEIZrnSaApt6RA==}
    dev: false

  /whatwg-url/5.0.0:
    resolution: {integrity: sha512-saE57nupxk6v3HY35+jzBwYa0rKSy0XR8JSxZPwgLr7ys0IBzhGviA1/TUGJLmSVqs8pb9AnvICXEuOHLprYTw==}
    dependencies:
      tr46: 0.0.3
      webidl-conversions: 3.0.1
    dev: false
